// !$*UTF8*$!
{
	archiveVersion = 1;
	classes = {
	};
	objectVersion = 46;
	objects = {

/* Begin PBXBuildFile section */
		AA5F559E1D3880C0000C2C7F /* AppDelegate.swift in Sources */ = {isa = PBXBuildFile; fileRef = AA5F559D1D3880C0000C2C7F /* AppDelegate.swift */; };
		AA5F55A01D3880C0000C2C7F /* ViewController.swift in Sources */ = {isa = PBXBuildFile; fileRef = AA5F559F1D3880C0000C2C7F /* ViewController.swift */; };
		AA5F55A31D3880C0000C2C7F /* Main.storyboard in Resources */ = {isa = PBXBuildFile; fileRef = AA5F55A11D3880C0000C2C7F /* Main.storyboard */; };
		AA5F55A51D3880C0000C2C7F /* Assets.xcassets in Resources */ = {isa = PBXBuildFile; fileRef = AA5F55A41D3880C0000C2C7F /* Assets.xcassets */; };
		AA5F55A81D3880C0000C2C7F /* LaunchScreen.storyboard in Resources */ = {isa = PBXBuildFile; fileRef = AA5F55A61D3880C0000C2C7F /* LaunchScreen.storyboard */; };
		AA5F55B31D3880C0000C2C7F /* AWSSNSPushNotification_SampleTests.swift in Sources */ = {isa = PBXBuildFile; fileRef = AA5F55B21D3880C0000C2C7F /* AWSSNSPushNotification_SampleTests.swift */; };
		AA5F55BE1D3880C0000C2C7F /* AWSSNSPushNotification_SampleUITests.swift in Sources */ = {isa = PBXBuildFile; fileRef = AA5F55BD1D3880C0000C2C7F /* AWSSNSPushNotification_SampleUITests.swift */; };
		BBA0F83C2632588904A95CD1 /* Pods_AWSSNSPushNotification_Sample.framework in Frameworks */ = {isa = PBXBuildFile; fileRef = CC553C6C327CF7A5271A1FFA /* Pods_AWSSNSPushNotification_Sample.framework */; };
/* End PBXBuildFile section */

/* Begin PBXContainerItemProxy section */
		AA5F55AF1D3880C0000C2C7F /* PBXContainerItemProxy */ = {
			isa = PBXContainerItemProxy;
			containerPortal = AA5F55921D3880C0000C2C7F /* Project object */;
			proxyType = 1;
			remoteGlobalIDString = AA5F55991D3880C0000C2C7F;
			remoteInfo = AWSSNSPushNotification_Sample;
		};
		AA5F55BA1D3880C0000C2C7F /* PBXContainerItemProxy */ = {
			isa = PBXContainerItemProxy;
			containerPortal = AA5F55921D3880C0000C2C7F /* Project object */;
			proxyType = 1;
			remoteGlobalIDString = AA5F55991D3880C0000C2C7F;
			remoteInfo = AWSSNSPushNotification_Sample;
		};
/* End PBXContainerItemProxy section */

/* Begin PBXFileReference section */
		16025037F865E210C8503480 /* Pods-AWSSNSPushNotification_Sample.release.xcconfig */ = {isa = PBXFileReference; includeInIndex = 1; lastKnownFileType = text.xcconfig; name = "Pods-AWSSNSPushNotification_Sample.release.xcconfig"; path = "Pods/Target Support Files/Pods-AWSSNSPushNotification_Sample/Pods-AWSSNSPushNotification_Sample.release.xcconfig"; sourceTree = "<group>"; };
		58674058C5A67B2F9E1F5242 /* Pods-AWSSNSPushNotification_Sample.debug.xcconfig */ = {isa = PBXFileReference; includeInIndex = 1; lastKnownFileType = text.xcconfig; name = "Pods-AWSSNSPushNotification_Sample.debug.xcconfig"; path = "Pods/Target Support Files/Pods-AWSSNSPushNotification_Sample/Pods-AWSSNSPushNotification_Sample.debug.xcconfig"; sourceTree = "<group>"; };
		AA5F559A1D3880C0000C2C7F /* AWSSNSPushNotification_Sample.app */ = {isa = PBXFileReference; explicitFileType = wrapper.application; includeInIndex = 0; path = AWSSNSPushNotification_Sample.app; sourceTree = BUILT_PRODUCTS_DIR; };
		AA5F559D1D3880C0000C2C7F /* AppDelegate.swift */ = {isa = PBXFileReference; lastKnownFileType = sourcecode.swift; path = AppDelegate.swift; sourceTree = "<group>"; };
		AA5F559F1D3880C0000C2C7F /* ViewController.swift */ = {isa = PBXFileReference; lastKnownFileType = sourcecode.swift; path = ViewController.swift; sourceTree = "<group>"; };
		AA5F55A21D3880C0000C2C7F /* Base */ = {isa = PBXFileReference; lastKnownFileType = file.storyboard; name = Base; path = Base.lproj/Main.storyboard; sourceTree = "<group>"; };
		AA5F55A41D3880C0000C2C7F /* Assets.xcassets */ = {isa = PBXFileReference; lastKnownFileType = folder.assetcatalog; path = Assets.xcassets; sourceTree = "<group>"; };
		AA5F55A71D3880C0000C2C7F /* Base */ = {isa = PBXFileReference; lastKnownFileType = file.storyboard; name = Base; path = Base.lproj/LaunchScreen.storyboard; sourceTree = "<group>"; };
		AA5F55A91D3880C0000C2C7F /* Info.plist */ = {isa = PBXFileReference; lastKnownFileType = text.plist.xml; path = Info.plist; sourceTree = "<group>"; };
		AA5F55AE1D3880C0000C2C7F /* AWSSNSPushNotification_SampleTests.xctest */ = {isa = PBXFileReference; explicitFileType = wrapper.cfbundle; includeInIndex = 0; path = AWSSNSPushNotification_SampleTests.xctest; sourceTree = BUILT_PRODUCTS_DIR; };
		AA5F55B21D3880C0000C2C7F /* AWSSNSPushNotification_SampleTests.swift */ = {isa = PBXFileReference; lastKnownFileType = sourcecode.swift; path = AWSSNSPushNotification_SampleTests.swift; sourceTree = "<group>"; };
		AA5F55B41D3880C0000C2C7F /* Info.plist */ = {isa = PBXFileReference; lastKnownFileType = text.plist.xml; path = Info.plist; sourceTree = "<group>"; };
		AA5F55B91D3880C0000C2C7F /* AWSSNSPushNotification_SampleUITests.xctest */ = {isa = PBXFileReference; explicitFileType = wrapper.cfbundle; includeInIndex = 0; path = AWSSNSPushNotification_SampleUITests.xctest; sourceTree = BUILT_PRODUCTS_DIR; };
		AA5F55BD1D3880C0000C2C7F /* AWSSNSPushNotification_SampleUITests.swift */ = {isa = PBXFileReference; lastKnownFileType = sourcecode.swift; path = AWSSNSPushNotification_SampleUITests.swift; sourceTree = "<group>"; };
		AA5F55BF1D3880C0000C2C7F /* Info.plist */ = {isa = PBXFileReference; lastKnownFileType = text.plist.xml; path = Info.plist; sourceTree = "<group>"; };
		AA5F55CC1D388815000C2C7F /* AWSSNSPushNotification_Sample-Bridging-Header.h */ = {isa = PBXFileReference; lastKnownFileType = sourcecode.c.h; path = "AWSSNSPushNotification_Sample-Bridging-Header.h"; sourceTree = "<group>"; };
		CC553C6C327CF7A5271A1FFA /* Pods_AWSSNSPushNotification_Sample.framework */ = {isa = PBXFileReference; explicitFileType = wrapper.framework; includeInIndex = 0; path = Pods_AWSSNSPushNotification_Sample.framework; sourceTree = BUILT_PRODUCTS_DIR; };
/* End PBXFileReference section */

/* Begin PBXFrameworksBuildPhase section */
		AA5F55971D3880C0000C2C7F /* Frameworks */ = {
			isa = PBXFrameworksBuildPhase;
			buildActionMask = 2147483647;
			files = (
				BBA0F83C2632588904A95CD1 /* Pods_AWSSNSPushNotification_Sample.framework in Frameworks */,
			);
			runOnlyForDeploymentPostprocessing = 0;
		};
		AA5F55AB1D3880C0000C2C7F /* Frameworks */ = {
			isa = PBXFrameworksBuildPhase;
			buildActionMask = 2147483647;
			files = (
			);
			runOnlyForDeploymentPostprocessing = 0;
		};
		AA5F55B61D3880C0000C2C7F /* Frameworks */ = {
			isa = PBXFrameworksBuildPhase;
			buildActionMask = 2147483647;
			files = (
			);
			runOnlyForDeploymentPostprocessing = 0;
		};
/* End PBXFrameworksBuildPhase section */

/* Begin PBXGroup section */
		78D31E4FC24924C8905F59DD /* Pods */ = {
			isa = PBXGroup;
			children = (
				58674058C5A67B2F9E1F5242 /* Pods-AWSSNSPushNotification_Sample.debug.xcconfig */,
				16025037F865E210C8503480 /* Pods-AWSSNSPushNotification_Sample.release.xcconfig */,
			);
			name = Pods;
			sourceTree = "<group>";
		};
		92954762E778940F2EBC15C8 /* Frameworks */ = {
			isa = PBXGroup;
			children = (
				CC553C6C327CF7A5271A1FFA /* Pods_AWSSNSPushNotification_Sample.framework */,
			);
			name = Frameworks;
			sourceTree = "<group>";
		};
		AA5F55911D3880C0000C2C7F = {
			isa = PBXGroup;
			children = (
				AA5F559C1D3880C0000C2C7F /* AWSSNSPushNotification_Sample */,
				AA5F55B11D3880C0000C2C7F /* AWSSNSPushNotification_SampleTests */,
				AA5F55BC1D3880C0000C2C7F /* AWSSNSPushNotification_SampleUITests */,
				AA5F559B1D3880C0000C2C7F /* Products */,
				78D31E4FC24924C8905F59DD /* Pods */,
				92954762E778940F2EBC15C8 /* Frameworks */,
			);
			sourceTree = "<group>";
		};
		AA5F559B1D3880C0000C2C7F /* Products */ = {
			isa = PBXGroup;
			children = (
				AA5F559A1D3880C0000C2C7F /* AWSSNSPushNotification_Sample.app */,
				AA5F55AE1D3880C0000C2C7F /* AWSSNSPushNotification_SampleTests.xctest */,
				AA5F55B91D3880C0000C2C7F /* AWSSNSPushNotification_SampleUITests.xctest */,
			);
			name = Products;
			sourceTree = "<group>";
		};
		AA5F559C1D3880C0000C2C7F /* AWSSNSPushNotification_Sample */ = {
			isa = PBXGroup;
			children = (
				AA5F559D1D3880C0000C2C7F /* AppDelegate.swift */,
				AA5F559F1D3880C0000C2C7F /* ViewController.swift */,
				AA5F55A11D3880C0000C2C7F /* Main.storyboard */,
				AA5F55A41D3880C0000C2C7F /* Assets.xcassets */,
				AA5F55A61D3880C0000C2C7F /* LaunchScreen.storyboard */,
				AA5F55A91D3880C0000C2C7F /* Info.plist */,
				AA5F55CC1D388815000C2C7F /* AWSSNSPushNotification_Sample-Bridging-Header.h */,
			);
			path = AWSSNSPushNotification_Sample;
			sourceTree = "<group>";
		};
		AA5F55B11D3880C0000C2C7F /* AWSSNSPushNotification_SampleTests */ = {
			isa = PBXGroup;
			children = (
				AA5F55B21D3880C0000C2C7F /* AWSSNSPushNotification_SampleTests.swift */,
				AA5F55B41D3880C0000C2C7F /* Info.plist */,
			);
			path = AWSSNSPushNotification_SampleTests;
			sourceTree = "<group>";
		};
		AA5F55BC1D3880C0000C2C7F /* AWSSNSPushNotification_SampleUITests */ = {
			isa = PBXGroup;
			children = (
				AA5F55BD1D3880C0000C2C7F /* AWSSNSPushNotification_SampleUITests.swift */,
				AA5F55BF1D3880C0000C2C7F /* Info.plist */,
			);
			path = AWSSNSPushNotification_SampleUITests;
			sourceTree = "<group>";
		};
/* End PBXGroup section */

/* Begin PBXNativeTarget section */
		AA5F55991D3880C0000C2C7F /* AWSSNSPushNotification_Sample */ = {
			isa = PBXNativeTarget;
			buildConfigurationList = AA5F55C21D3880C0000C2C7F /* Build configuration list for PBXNativeTarget "AWSSNSPushNotification_Sample" */;
			buildPhases = (
				C7BB1FFC39DE8ED3B944A636 /* Check Pods Manifest.lock */,
				AA5F55961D3880C0000C2C7F /* Sources */,
				AA5F55971D3880C0000C2C7F /* Frameworks */,
				AA5F55981D3880C0000C2C7F /* Resources */,
				87692FB773B94501508E81CF /* Embed Pods Frameworks */,
				B58BEA3BC4B41898EC640B23 /* Copy Pods Resources */,
			);
			buildRules = (
			);
			dependencies = (
			);
			name = AWSSNSPushNotification_Sample;
			productName = AWSSNSPushNotification_Sample;
			productReference = AA5F559A1D3880C0000C2C7F /* AWSSNSPushNotification_Sample.app */;
			productType = "com.apple.product-type.application";
		};
		AA5F55AD1D3880C0000C2C7F /* AWSSNSPushNotification_SampleTests */ = {
			isa = PBXNativeTarget;
			buildConfigurationList = AA5F55C51D3880C0000C2C7F /* Build configuration list for PBXNativeTarget "AWSSNSPushNotification_SampleTests" */;
			buildPhases = (
				AA5F55AA1D3880C0000C2C7F /* Sources */,
				AA5F55AB1D3880C0000C2C7F /* Frameworks */,
				AA5F55AC1D3880C0000C2C7F /* Resources */,
			);
			buildRules = (
			);
			dependencies = (
				AA5F55B01D3880C0000C2C7F /* PBXTargetDependency */,
			);
			name = AWSSNSPushNotification_SampleTests;
			productName = AWSSNSPushNotification_SampleTests;
			productReference = AA5F55AE1D3880C0000C2C7F /* AWSSNSPushNotification_SampleTests.xctest */;
			productType = "com.apple.product-type.bundle.unit-test";
		};
		AA5F55B81D3880C0000C2C7F /* AWSSNSPushNotification_SampleUITests */ = {
			isa = PBXNativeTarget;
			buildConfigurationList = AA5F55C81D3880C0000C2C7F /* Build configuration list for PBXNativeTarget "AWSSNSPushNotification_SampleUITests" */;
			buildPhases = (
				AA5F55B51D3880C0000C2C7F /* Sources */,
				AA5F55B61D3880C0000C2C7F /* Frameworks */,
				AA5F55B71D3880C0000C2C7F /* Resources */,
			);
			buildRules = (
			);
			dependencies = (
				AA5F55BB1D3880C0000C2C7F /* PBXTargetDependency */,
			);
			name = AWSSNSPushNotification_SampleUITests;
			productName = AWSSNSPushNotification_SampleUITests;
			productReference = AA5F55B91D3880C0000C2C7F /* AWSSNSPushNotification_SampleUITests.xctest */;
			productType = "com.apple.product-type.bundle.ui-testing";
		};
/* End PBXNativeTarget section */

/* Begin PBXProject section */
		AA5F55921D3880C0000C2C7F /* Project object */ = {
			isa = PBXProject;
			attributes = {
				LastSwiftUpdateCheck = 0730;
				LastUpgradeCheck = 0730;
				ORGANIZATIONNAME = "許佳航";
				TargetAttributes = {
					AA5F55991D3880C0000C2C7F = {
						CreatedOnToolsVersion = 7.3.1;
						DevelopmentTeam = 672AZ8D88U;
						SystemCapabilities = {
							com.apple.BackgroundModes = {
								enabled = 1;
							};
							com.apple.Push = {
								enabled = 1;
							};
						};
					};
					AA5F55AD1D3880C0000C2C7F = {
						CreatedOnToolsVersion = 7.3.1;
						TestTargetID = AA5F55991D3880C0000C2C7F;
					};
					AA5F55B81D3880C0000C2C7F = {
						CreatedOnToolsVersion = 7.3.1;
						TestTargetID = AA5F55991D3880C0000C2C7F;
					};
				};
			};
			buildConfigurationList = AA5F55951D3880C0000C2C7F /* Build configuration list for PBXProject "AWSSNSPushNotification_Sample" */;
			compatibilityVersion = "Xcode 3.2";
			developmentRegion = English;
			hasScannedForEncodings = 0;
			knownRegions = (
				en,
				Base,
			);
			mainGroup = AA5F55911D3880C0000C2C7F;
			productRefGroup = AA5F559B1D3880C0000C2C7F /* Products */;
			projectDirPath = "";
			projectRoot = "";
			targets = (
				AA5F55991D3880C0000C2C7F /* AWSSNSPushNotification_Sample */,
				AA5F55AD1D3880C0000C2C7F /* AWSSNSPushNotification_SampleTests */,
				AA5F55B81D3880C0000C2C7F /* AWSSNSPushNotification_SampleUITests */,
			);
		};
/* End PBXProject section */

/* Begin PBXResourcesBuildPhase section */
		AA5F55981D3880C0000C2C7F /* Resources */ = {
			isa = PBXResourcesBuildPhase;
			buildActionMask = 2147483647;
			files = (
				AA5F55A81D3880C0000C2C7F /* LaunchScreen.storyboard in Resources */,
				AA5F55A51D3880C0000C2C7F /* Assets.xcassets in Resources */,
				AA5F55A31D3880C0000C2C7F /* Main.storyboard in Resources */,
			);
			runOnlyForDeploymentPostprocessing = 0;
		};
		AA5F55AC1D3880C0000C2C7F /* Resources */ = {
			isa = PBXResourcesBuildPhase;
			buildActionMask = 2147483647;
			files = (
			);
			runOnlyForDeploymentPostprocessing = 0;
		};
		AA5F55B71D3880C0000C2C7F /* Resources */ = {
			isa = PBXResourcesBuildPhase;
			buildActionMask = 2147483647;
			files = (
			);
			runOnlyForDeploymentPostprocessing = 0;
		};
/* End PBXResourcesBuildPhase section */

/* Begin PBXShellScriptBuildPhase section */
		87692FB773B94501508E81CF /* Embed Pods Frameworks */ = {
			isa = PBXShellScriptBuildPhase;
			buildActionMask = 2147483647;
			files = (
			);
			inputPaths = (
			);
			name = "Embed Pods Frameworks";
			outputPaths = (
			);
			runOnlyForDeploymentPostprocessing = 0;
			shellPath = /bin/sh;
			shellScript = "\"${SRCROOT}/Pods/Target Support Files/Pods-AWSSNSPushNotification_Sample/Pods-AWSSNSPushNotification_Sample-frameworks.sh\"\n";
			showEnvVarsInLog = 0;
		};
		B58BEA3BC4B41898EC640B23 /* Copy Pods Resources */ = {
			isa = PBXShellScriptBuildPhase;
			buildActionMask = 2147483647;
			files = (
			);
			inputPaths = (
			);
			name = "Copy Pods Resources";
			outputPaths = (
			);
			runOnlyForDeploymentPostprocessing = 0;
			shellPath = /bin/sh;
			shellScript = "\"${SRCROOT}/Pods/Target Support Files/Pods-AWSSNSPushNotification_Sample/Pods-AWSSNSPushNotification_Sample-resources.sh\"\n";
			showEnvVarsInLog = 0;
		};
		C7BB1FFC39DE8ED3B944A636 /* Check Pods Manifest.lock */ = {
			isa = PBXShellScriptBuildPhase;
			buildActionMask = 2147483647;
			files = (
			);
			inputPaths = (
			);
			name = "Check Pods Manifest.lock";
			outputPaths = (
			);
			runOnlyForDeploymentPostprocessing = 0;
			shellPath = /bin/sh;
			shellScript = "diff \"${PODS_ROOT}/../Podfile.lock\" \"${PODS_ROOT}/Manifest.lock\" > /dev/null\nif [[ $? != 0 ]] ; then\n    cat << EOM\nerror: The sandbox is not in sync with the Podfile.lock. Run 'pod install' or update your CocoaPods installation.\nEOM\n    exit 1\nfi\n";
			showEnvVarsInLog = 0;
		};
/* End PBXShellScriptBuildPhase section */

/* Begin PBXSourcesBuildPhase section */
		AA5F55961D3880C0000C2C7F /* Sources */ = {
			isa = PBXSourcesBuildPhase;
			buildActionMask = 2147483647;
			files = (
				AA5F55A01D3880C0000C2C7F /* ViewController.swift in Sources */,
				AA5F559E1D3880C0000C2C7F /* AppDelegate.swift in Sources */,
			);
			runOnlyForDeploymentPostprocessing = 0;
		};
		AA5F55AA1D3880C0000C2C7F /* Sources */ = {
			isa = PBXSourcesBuildPhase;
			buildActionMask = 2147483647;
			files = (
				AA5F55B31D3880C0000C2C7F /* AWSSNSPushNotification_SampleTests.swift in Sources */,
			);
			runOnlyForDeploymentPostprocessing = 0;
		};
		AA5F55B51D3880C0000C2C7F /* Sources */ = {
			isa = PBXSourcesBuildPhase;
			buildActionMask = 2147483647;
			files = (
				AA5F55BE1D3880C0000C2C7F /* AWSSNSPushNotification_SampleUITests.swift in Sources */,
			);
			runOnlyForDeploymentPostprocessing = 0;
		};
/* End PBXSourcesBuildPhase section */

/* Begin PBXTargetDependency section */
		AA5F55B01D3880C0000C2C7F /* PBXTargetDependency */ = {
			isa = PBXTargetDependency;
			target = AA5F55991D3880C0000C2C7F /* AWSSNSPushNotification_Sample */;
			targetProxy = AA5F55AF1D3880C0000C2C7F /* PBXContainerItemProxy */;
		};
		AA5F55BB1D3880C0000C2C7F /* PBXTargetDependency */ = {
			isa = PBXTargetDependency;
			target = AA5F55991D3880C0000C2C7F /* AWSSNSPushNotification_Sample */;
			targetProxy = AA5F55BA1D3880C0000C2C7F /* PBXContainerItemProxy */;
		};
/* End PBXTargetDependency section */

/* Begin PBXVariantGroup section */
		AA5F55A11D3880C0000C2C7F /* Main.storyboard */ = {
			isa = PBXVariantGroup;
			children = (
				AA5F55A21D3880C0000C2C7F /* Base */,
			);
			name = Main.storyboard;
			sourceTree = "<group>";
		};
		AA5F55A61D3880C0000C2C7F /* LaunchScreen.storyboard */ = {
			isa = PBXVariantGroup;
			children = (
				AA5F55A71D3880C0000C2C7F /* Base */,
			);
			name = LaunchScreen.storyboard;
			sourceTree = "<group>";
		};
/* End PBXVariantGroup section */

/* Begin XCBuildConfiguration section */
		AA5F55C01D3880C0000C2C7F /* Debug */ = {
			isa = XCBuildConfiguration;
			buildSettings = {
				ALWAYS_SEARCH_USER_PATHS = NO;
				CLANG_ANALYZER_NONNULL = YES;
				CLANG_CXX_LANGUAGE_STANDARD = "gnu++0x";
				CLANG_CXX_LIBRARY = "libc++";
				CLANG_ENABLE_MODULES = YES;
				CLANG_ENABLE_OBJC_ARC = YES;
				CLANG_WARN_BOOL_CONVERSION = YES;
				CLANG_WARN_CONSTANT_CONVERSION = YES;
				CLANG_WARN_DIRECT_OBJC_ISA_USAGE = YES_ERROR;
				CLANG_WARN_EMPTY_BODY = YES;
				CLANG_WARN_ENUM_CONVERSION = YES;
				CLANG_WARN_INT_CONVERSION = YES;
				CLANG_WARN_OBJC_ROOT_CLASS = YES_ERROR;
				CLANG_WARN_UNREACHABLE_CODE = YES;
				CLANG_WARN__DUPLICATE_METHOD_MATCH = YES;
				"CODE_SIGN_IDENTITY[sdk=iphoneos*]" = "iPhone Developer";
				COPY_PHASE_STRIP = NO;
				DEBUG_INFORMATION_FORMAT = dwarf;
				ENABLE_STRICT_OBJC_MSGSEND = YES;
				ENABLE_TESTABILITY = YES;
				GCC_C_LANGUAGE_STANDARD = gnu99;
				GCC_DYNAMIC_NO_PIC = NO;
				GCC_NO_COMMON_BLOCKS = YES;
				GCC_OPTIMIZATION_LEVEL = 0;
				GCC_PREPROCESSOR_DEFINITIONS = (
					"DEBUG=1",
					"$(inherited)",
				);
				GCC_WARN_64_TO_32_BIT_CONVERSION = YES;
				GCC_WARN_ABOUT_RETURN_TYPE = YES_ERROR;
				GCC_WARN_UNDECLARED_SELECTOR = YES;
				GCC_WARN_UNINITIALIZED_AUTOS = YES_AGGRESSIVE;
				GCC_WARN_UNUSED_FUNCTION = YES;
				GCC_WARN_UNUSED_VARIABLE = YES;
				IPHONEOS_DEPLOYMENT_TARGET = 9.3;
				MTL_ENABLE_DEBUG_INFO = YES;
				ONLY_ACTIVE_ARCH = YES;
				SDKROOT = iphoneos;
				SWIFT_OPTIMIZATION_LEVEL = "-Onone";
				TARGETED_DEVICE_FAMILY = "1,2";
			};
			name = Debug;
		};
		AA5F55C11D3880C0000C2C7F /* Release */ = {
			isa = XCBuildConfiguration;
			buildSettings = {
				ALWAYS_SEARCH_USER_PATHS = NO;
				CLANG_ANALYZER_NONNULL = YES;
				CLANG_CXX_LANGUAGE_STANDARD = "gnu++0x";
				CLANG_CXX_LIBRARY = "libc++";
				CLANG_ENABLE_MODULES = YES;
				CLANG_ENABLE_OBJC_ARC = YES;
				CLANG_WARN_BOOL_CONVERSION = YES;
				CLANG_WARN_CONSTANT_CONVERSION = YES;
				CLANG_WARN_DIRECT_OBJC_ISA_USAGE = YES_ERROR;
				CLANG_WARN_EMPTY_BODY = YES;
				CLANG_WARN_ENUM_CONVERSION = YES;
				CLANG_WARN_INT_CONVERSION = YES;
				CLANG_WARN_OBJC_ROOT_CLASS = YES_ERROR;
				CLANG_WARN_UNREACHABLE_CODE = YES;
				CLANG_WARN__DUPLICATE_METHOD_MATCH = YES;
				"CODE_SIGN_IDENTITY[sdk=iphoneos*]" = "iPhone Developer";
				COPY_PHASE_STRIP = NO;
				DEBUG_INFORMATION_FORMAT = "dwarf-with-dsym";
				ENABLE_NS_ASSERTIONS = NO;
				ENABLE_STRICT_OBJC_MSGSEND = YES;
				GCC_C_LANGUAGE_STANDARD = gnu99;
				GCC_NO_COMMON_BLOCKS = YES;
				GCC_WARN_64_TO_32_BIT_CONVERSION = YES;
				GCC_WARN_ABOUT_RETURN_TYPE = YES_ERROR;
				GCC_WARN_UNDECLARED_SELECTOR = YES;
				GCC_WARN_UNINITIALIZED_AUTOS = YES_AGGRESSIVE;
				GCC_WARN_UNUSED_FUNCTION = YES;
				GCC_WARN_UNUSED_VARIABLE = YES;
				IPHONEOS_DEPLOYMENT_TARGET = 9.3;
				MTL_ENABLE_DEBUG_INFO = NO;
				SDKROOT = iphoneos;
				TARGETED_DEVICE_FAMILY = "1,2";
				VALIDATE_PRODUCT = YES;
			};
			name = Release;
		};
		AA5F55C31D3880C0000C2C7F /* Debug */ = {
			isa = XCBuildConfiguration;
			baseConfigurationReference = 58674058C5A67B2F9E1F5242 /* Pods-AWSSNSPushNotification_Sample.debug.xcconfig */;
			buildSettings = {
				ASSETCATALOG_COMPILER_APPICON_NAME = AppIcon;
				INFOPLIST_FILE = AWSSNSPushNotification_Sample/Info.plist;
				LD_RUNPATH_SEARCH_PATHS = "$(inherited) @executable_path/Frameworks";
				PRODUCT_BUNDLE_IDENTIFIER = "com.steve.AWSSNSPushNotification-Sample";
				PRODUCT_NAME = "$(TARGET_NAME)";
				SWIFT_OBJC_BRIDGING_HEADER = "AWSSNSPushNotification_Sample/AWSSNSPushNotification_Sample-Bridging-Header.h";
			};
			name = Debug;
		};
		AA5F55C41D3880C0000C2C7F /* Release */ = {
			isa = XCBuildConfiguration;
			baseConfigurationReference = 16025037F865E210C8503480 /* Pods-AWSSNSPushNotification_Sample.release.xcconfig */;
			buildSettings = {
				ASSETCATALOG_COMPILER_APPICON_NAME = AppIcon;
				INFOPLIST_FILE = AWSSNSPushNotification_Sample/Info.plist;
				LD_RUNPATH_SEARCH_PATHS = "$(inherited) @executable_path/Frameworks";
				PRODUCT_BUNDLE_IDENTIFIER = "com.steve.AWSSNSPushNotification-Sample";
				PRODUCT_NAME = "$(TARGET_NAME)";
				SWIFT_OBJC_BRIDGING_HEADER = "AWSSNSPushNotification_Sample/AWSSNSPushNotification_Sample-Bridging-Header.h";
			};
			name = Release;
		};
		AA5F55C61D3880C0000C2C7F /* Debug */ = {
			isa = XCBuildConfiguration;
			buildSettings = {
				BUNDLE_LOADER = "$(TEST_HOST)";
				INFOPLIST_FILE = AWSSNSPushNotification_SampleTests/Info.plist;
				LD_RUNPATH_SEARCH_PATHS = "$(inherited) @executable_path/Frameworks @loader_path/Frameworks";
				PRODUCT_BUNDLE_IDENTIFIER = "com.steve.mapd14.gdrive.AWSSNSPushNotification-SampleTests";
				PRODUCT_NAME = "$(TARGET_NAME)";
				TEST_HOST = "$(BUILT_PRODUCTS_DIR)/AWSSNSPushNotification_Sample.app/AWSSNSPushNotification_Sample";
			};
			name = Debug;
		};
		AA5F55C71D3880C0000C2C7F /* Release */ = {
			isa = XCBuildConfiguration;
			buildSettings = {
				BUNDLE_LOADER = "$(TEST_HOST)";
				INFOPLIST_FILE = AWSSNSPushNotification_SampleTests/Info.plist;
				LD_RUNPATH_SEARCH_PATHS = "$(inherited) @executable_path/Frameworks @loader_path/Frameworks";
				PRODUCT_BUNDLE_IDENTIFIER = "com.steve.mapd14.gdrive.AWSSNSPushNotification-SampleTests";
				PRODUCT_NAME = "$(TARGET_NAME)";
				TEST_HOST = "$(BUILT_PRODUCTS_DIR)/AWSSNSPushNotification_Sample.app/AWSSNSPushNotification_Sample";
			};
			name = Release;
		};
		AA5F55C91D3880C0000C2C7F /* Debug */ = {
			isa = XCBuildConfiguration;
			buildSettings = {
				INFOPLIST_FILE = AWSSNSPushNotification_SampleUITests/Info.plist;
				LD_RUNPATH_SEARCH_PATHS = "$(inherited) @executable_path/Frameworks @loader_path/Frameworks";
				PRODUCT_BUNDLE_IDENTIFIER = "com.steve.mapd14.gdrive.AWSSNSPushNotification-SampleUITests";
				PRODUCT_NAME = "$(TARGET_NAME)";
				TEST_TARGET_NAME = AWSSNSPushNotification_Sample;
			};
			name = Debug;
		};
		AA5F55CA1D3880C0000C2C7F /* Release */ = {
			isa = XCBuildConfiguration;
			buildSettings = {
				INFOPLIST_FILE = AWSSNSPushNotification_SampleUITests/Info.plist;
				LD_RUNPATH_SEARCH_PATHS = "$(inherited) @executable_path/Frameworks @loader_path/Frameworks";
				PRODUCT_BUNDLE_IDENTIFIER = "com.steve.mapd14.gdrive.AWSSNSPushNotification-SampleUITests";
				PRODUCT_NAME = "$(TARGET_NAME)";
				TEST_TARGET_NAME = AWSSNSPushNotification_Sample;
			};
			name = Release;
		};
/* End XCBuildConfiguration section */

/* Begin XCConfigurationList section */
		AA5F55951D3880C0000C2C7F /* Build configuration list for PBXProject "AWSSNSPushNotification_Sample" */ = {
			isa = XCConfigurationList;
			buildConfigurations = (
				AA5F55C01D3880C0000C2C7F /* Debug */,
				AA5F55C11D3880C0000C2C7F /* Release */,
			);
			defaultConfigurationIsVisible = 0;
			defaultConfigurationName = Release;
		};
		AA5F55C21D3880C0000C2C7F /* Build configuration list for PBXNativeTarget "AWSSNSPushNotification_Sample" */ = {
			isa = XCConfigurationList;
			buildConfigurations = (
				AA5F55C31D3880C0000C2C7F /* Debug */,
				AA5F55C41D3880C0000C2C7F /* Release */,
			);
			defaultConfigurationIsVisible = 0;
			defaultConfigurationName = Release;
		};
		AA5F55C51D3880C0000C2C7F /* Build configuration list for PBXNativeTarget "AWSSNSPushNotification_SampleTests" */ = {
			isa = XCConfigurationList;
			buildConfigurations = (
				AA5F55C61D3880C0000C2C7F /* Debug */,
				AA5F55C71D3880C0000C2C7F /* Release */,
			);
			defaultConfigurationIsVisible = 0;
			defaultConfigurationName = Release;
		};
		AA5F55C81D3880C0000C2C7F /* Build configuration list for PBXNativeTarget "AWSSNSPushNotification_SampleUITests" */ = {
			isa = XCConfigurationList;
			buildConfigurations = (
				AA5F55C91D3880C0000C2C7F /* Debug */,
				AA5F55CA1D3880C0000C2C7F /* Release */,
			);
			defaultConfigurationIsVisible = 0;
			defaultConfigurationName = Release;
		};
/* End XCConfigurationList section */
	};
	rootObject = AA5F55921D3880C0000C2C7F /* Project object */;
}
